
Microsoft Visual Studio Solution File, Format Version 12.00
# Visual Studio Version 17
VisualStudioVersion = 17.3.32922.545
MinimumVisualStudioVersion = 10.0.40219.1
Project("{9A19103F-16F7-4668-BE54-9A1E7A4F7556}") = "Lesson01_ArrayList", "Lesson01_ArrayList\Lesson01_ArrayList.csproj", "{BC89189F-6C36-4382-9C88-B494CCFF7A26}"
EndProject
Project("{9A19103F-16F7-4668-BE54-9A1E7A4F7556}") = "Lesson01_练习", "Lesson01_练习\Lesson01_练习.csproj", "{8510CC21-B0F5-4FD6-B07A-A8EDB40B0881}"
EndProject
Project("{9A19103F-16F7-4668-BE54-9A1E7A4F7556}") = "Lesson02_Stack", "Lesson02_Stack\Lesson02_Stack.csproj", "{D42A03CC-B851-41E4-BDD6-765DA437173F}"
EndProject
Project("{9A19103F-16F7-4668-BE54-9A1E7A4F7556}") = "Lesson02_练习", "Lesson02_练习\Lesson02_练习.csproj", "{55D06D01-5248-46A5-96B9-23B4FE78D405}"
EndProject
Project("{9A19103F-16F7-4668-BE54-9A1E7A4F7556}") = "Lesson03_Queue", "Lesson03_Queue\Lesson03_Queue.csproj", "{A9BFD06D-02FC-4238-AC53-DFFA3FF139A9}"
EndProject
Project("{9A19103F-16F7-4668-BE54-9A1E7A4F7556}") = "Lesson03_练习", "Lesson03_练习\Lesson03_练习.csproj", "{92C40AD3-5CD7-4865-AC90-7037D0754C7E}"
EndProject
Project("{9A19103F-16F7-4668-BE54-9A1E7A4F7556}") = "Lesson04_Hashtable", "Lesson04_Hashtable\Lesson04_Hashtable.csproj", "{C76BCB9D-7C3F-439A-8285-40C145B7299D}"
EndProject
Project("{9A19103F-16F7-4668-BE54-9A1E7A4F7556}") = "Lesson04_练习", "Lesson04_练习\Lesson04_练习.csproj", "{CE76A10A-5B71-482E-92C2-06AEAD7FD4FB}"
EndProject
Project("{9A19103F-16F7-4668-BE54-9A1E7A4F7556}") = "Lesson05_泛型", "Lesson05_泛型1\Lesson05_泛型.csproj", "{D6F676C1-8613-46E9-9448-5189BD75ABA3}"
EndProject
Project("{9A19103F-16F7-4668-BE54-9A1E7A4F7556}") = "Lesson05_练习", "Lesson05_练习\Lesson05_练习.csproj", "{7CDC911B-E0DB-41B2-B60B-E51A32317A89}"
EndProject
Project("{9A19103F-16F7-4668-BE54-9A1E7A4F7556}") = "Lesson06_泛型约束", "Lesson06_泛型约束\Lesson06_泛型约束.csproj", "{D6A8F72A-F10C-41BD-8C0D-54CF2FD4EEAE}"
EndProject
Project("{9A19103F-16F7-4668-BE54-9A1E7A4F7556}") = "Lesson06_练习", "Lesson06_练习\Lesson06_练习.csproj", "{E619E817-6680-446A-9911-F80FD70CAA00}"
EndProject
Project("{FAE04EC0-301F-11D3-BF4B-00C04F79EFBC}") = "Lesson07_List", "Lesson07_List\Lesson07_List.csproj", "{923AF44B-A39A-4780-A7D3-DEE21A12F72B}"
EndProject
Project("{FAE04EC0-301F-11D3-BF4B-00C04F79EFBC}") = "Lesson07_练习", "Lesson07_练习\Lesson07_练习.csproj", "{7850F4A0-56AF-40F5-976E-1C39D02551E6}"
EndProject
Project("{FAE04EC0-301F-11D3-BF4B-00C04F79EFBC}") = "Lesson08_Dictionary", "Lesson08_Dictionary\Lesson08_Dictionary.csproj", "{0D11E7FB-EFCA-40FD-B903-6BF981E0FF37}"
EndProject
Project("{FAE04EC0-301F-11D3-BF4B-00C04F79EFBC}") = "Lesson08_练习", "Lesson08_练习\Lesson08_练习.csproj", "{E31EA479-9FBF-403B-AD8F-87CCDF1BDF38}"
EndProject
Project("{FAE04EC0-301F-11D3-BF4B-00C04F79EFBC}") = "Lesson09_顺序存储和链式存储", "Lesson09_顺序存储和链式存储\Lesson09_顺序存储和链式存储.csproj", "{6E49CBCA-CE6E-406F-BA0D-2D2E64691DBF}"
EndProject
Project("{FAE04EC0-301F-11D3-BF4B-00C04F79EFBC}") = "Lesson09_练习", "Lesson09_练习\Lesson09_练习.csproj", "{42815D0B-08D9-4229-9CE8-2E8692BC3914}"
EndProject
Global
	GlobalSection(SolutionConfigurationPlatforms) = preSolution
		Debug|Any CPU = Debug|Any CPU
		Release|Any CPU = Release|Any CPU
	EndGlobalSection
	GlobalSection(ProjectConfigurationPlatforms) = postSolution
		{BC89189F-6C36-4382-9C88-B494CCFF7A26}.Debug|Any CPU.ActiveCfg = Debug|Any CPU
		{BC89189F-6C36-4382-9C88-B494CCFF7A26}.Debug|Any CPU.Build.0 = Debug|Any CPU
		{BC89189F-6C36-4382-9C88-B494CCFF7A26}.Release|Any CPU.ActiveCfg = Release|Any CPU
		{BC89189F-6C36-4382-9C88-B494CCFF7A26}.Release|Any CPU.Build.0 = Release|Any CPU
		{8510CC21-B0F5-4FD6-B07A-A8EDB40B0881}.Debug|Any CPU.ActiveCfg = Debug|Any CPU
		{8510CC21-B0F5-4FD6-B07A-A8EDB40B0881}.Debug|Any CPU.Build.0 = Debug|Any CPU
		{8510CC21-B0F5-4FD6-B07A-A8EDB40B0881}.Release|Any CPU.ActiveCfg = Release|Any CPU
		{8510CC21-B0F5-4FD6-B07A-A8EDB40B0881}.Release|Any CPU.Build.0 = Release|Any CPU
		{D42A03CC-B851-41E4-BDD6-765DA437173F}.Debug|Any CPU.ActiveCfg = Debug|Any CPU
		{D42A03CC-B851-41E4-BDD6-765DA437173F}.Debug|Any CPU.Build.0 = Debug|Any CPU
		{D42A03CC-B851-41E4-BDD6-765DA437173F}.Release|Any CPU.ActiveCfg = Release|Any CPU
		{D42A03CC-B851-41E4-BDD6-765DA437173F}.Release|Any CPU.Build.0 = Release|Any CPU
		{55D06D01-5248-46A5-96B9-23B4FE78D405}.Debug|Any CPU.ActiveCfg = Debug|Any CPU
		{55D06D01-5248-46A5-96B9-23B4FE78D405}.Debug|Any CPU.Build.0 = Debug|Any CPU
		{55D06D01-5248-46A5-96B9-23B4FE78D405}.Release|Any CPU.ActiveCfg = Release|Any CPU
		{55D06D01-5248-46A5-96B9-23B4FE78D405}.Release|Any CPU.Build.0 = Release|Any CPU
		{A9BFD06D-02FC-4238-AC53-DFFA3FF139A9}.Debug|Any CPU.ActiveCfg = Debug|Any CPU
		{A9BFD06D-02FC-4238-AC53-DFFA3FF139A9}.Debug|Any CPU.Build.0 = Debug|Any CPU
		{A9BFD06D-02FC-4238-AC53-DFFA3FF139A9}.Release|Any CPU.ActiveCfg = Release|Any CPU
		{A9BFD06D-02FC-4238-AC53-DFFA3FF139A9}.Release|Any CPU.Build.0 = Release|Any CPU
		{92C40AD3-5CD7-4865-AC90-7037D0754C7E}.Debug|Any CPU.ActiveCfg = Debug|Any CPU
		{92C40AD3-5CD7-4865-AC90-7037D0754C7E}.Debug|Any CPU.Build.0 = Debug|Any CPU
		{92C40AD3-5CD7-4865-AC90-7037D0754C7E}.Release|Any CPU.ActiveCfg = Release|Any CPU
		{92C40AD3-5CD7-4865-AC90-7037D0754C7E}.Release|Any CPU.Build.0 = Release|Any CPU
		{C76BCB9D-7C3F-439A-8285-40C145B7299D}.Debug|Any CPU.ActiveCfg = Debug|Any CPU
		{C76BCB9D-7C3F-439A-8285-40C145B7299D}.Debug|Any CPU.Build.0 = Debug|Any CPU
		{C76BCB9D-7C3F-439A-8285-40C145B7299D}.Release|Any CPU.ActiveCfg = Release|Any CPU
		{C76BCB9D-7C3F-439A-8285-40C145B7299D}.Release|Any CPU.Build.0 = Release|Any CPU
		{CE76A10A-5B71-482E-92C2-06AEAD7FD4FB}.Debug|Any CPU.ActiveCfg = Debug|Any CPU
		{CE76A10A-5B71-482E-92C2-06AEAD7FD4FB}.Debug|Any CPU.Build.0 = Debug|Any CPU
		{CE76A10A-5B71-482E-92C2-06AEAD7FD4FB}.Release|Any CPU.ActiveCfg = Release|Any CPU
		{CE76A10A-5B71-482E-92C2-06AEAD7FD4FB}.Release|Any CPU.Build.0 = Release|Any CPU
		{D6F676C1-8613-46E9-9448-5189BD75ABA3}.Debug|Any CPU.ActiveCfg = Debug|Any CPU
		{D6F676C1-8613-46E9-9448-5189BD75ABA3}.Debug|Any CPU.Build.0 = Debug|Any CPU
		{D6F676C1-8613-46E9-9448-5189BD75ABA3}.Release|Any CPU.ActiveCfg = Release|Any CPU
		{D6F676C1-8613-46E9-9448-5189BD75ABA3}.Release|Any CPU.Build.0 = Release|Any CPU
		{7CDC911B-E0DB-41B2-B60B-E51A32317A89}.Debug|Any CPU.ActiveCfg = Debug|Any CPU
		{7CDC911B-E0DB-41B2-B60B-E51A32317A89}.Debug|Any CPU.Build.0 = Debug|Any CPU
		{7CDC911B-E0DB-41B2-B60B-E51A32317A89}.Release|Any CPU.ActiveCfg = Release|Any CPU
		{7CDC911B-E0DB-41B2-B60B-E51A32317A89}.Release|Any CPU.Build.0 = Release|Any CPU
		{D6A8F72A-F10C-41BD-8C0D-54CF2FD4EEAE}.Debug|Any CPU.ActiveCfg = Debug|Any CPU
		{D6A8F72A-F10C-41BD-8C0D-54CF2FD4EEAE}.Debug|Any CPU.Build.0 = Debug|Any CPU
		{D6A8F72A-F10C-41BD-8C0D-54CF2FD4EEAE}.Release|Any CPU.ActiveCfg = Release|Any CPU
		{D6A8F72A-F10C-41BD-8C0D-54CF2FD4EEAE}.Release|Any CPU.Build.0 = Release|Any CPU
		{E619E817-6680-446A-9911-F80FD70CAA00}.Debug|Any CPU.ActiveCfg = Debug|Any CPU
		{E619E817-6680-446A-9911-F80FD70CAA00}.Debug|Any CPU.Build.0 = Debug|Any CPU
		{E619E817-6680-446A-9911-F80FD70CAA00}.Release|Any CPU.ActiveCfg = Release|Any CPU
		{E619E817-6680-446A-9911-F80FD70CAA00}.Release|Any CPU.Build.0 = Release|Any CPU
		{923AF44B-A39A-4780-A7D3-DEE21A12F72B}.Debug|Any CPU.ActiveCfg = Debug|Any CPU
		{923AF44B-A39A-4780-A7D3-DEE21A12F72B}.Debug|Any CPU.Build.0 = Debug|Any CPU
		{923AF44B-A39A-4780-A7D3-DEE21A12F72B}.Release|Any CPU.ActiveCfg = Release|Any CPU
		{923AF44B-A39A-4780-A7D3-DEE21A12F72B}.Release|Any CPU.Build.0 = Release|Any CPU
		{7850F4A0-56AF-40F5-976E-1C39D02551E6}.Debug|Any CPU.ActiveCfg = Debug|Any CPU
		{7850F4A0-56AF-40F5-976E-1C39D02551E6}.Debug|Any CPU.Build.0 = Debug|Any CPU
		{7850F4A0-56AF-40F5-976E-1C39D02551E6}.Release|Any CPU.ActiveCfg = Release|Any CPU
		{7850F4A0-56AF-40F5-976E-1C39D02551E6}.Release|Any CPU.Build.0 = Release|Any CPU
		{0D11E7FB-EFCA-40FD-B903-6BF981E0FF37}.Debug|Any CPU.ActiveCfg = Debug|Any CPU
		{0D11E7FB-EFCA-40FD-B903-6BF981E0FF37}.Debug|Any CPU.Build.0 = Debug|Any CPU
		{0D11E7FB-EFCA-40FD-B903-6BF981E0FF37}.Release|Any CPU.ActiveCfg = Release|Any CPU
		{0D11E7FB-EFCA-40FD-B903-6BF981E0FF37}.Release|Any CPU.Build.0 = Release|Any CPU
		{E31EA479-9FBF-403B-AD8F-87CCDF1BDF38}.Debug|Any CPU.ActiveCfg = Debug|Any CPU
		{E31EA479-9FBF-403B-AD8F-87CCDF1BDF38}.Debug|Any CPU.Build.0 = Debug|Any CPU
		{E31EA479-9FBF-403B-AD8F-87CCDF1BDF38}.Release|Any CPU.ActiveCfg = Release|Any CPU
		{E31EA479-9FBF-403B-AD8F-87CCDF1BDF38}.Release|Any CPU.Build.0 = Release|Any CPU
		{6E49CBCA-CE6E-406F-BA0D-2D2E64691DBF}.Debug|Any CPU.ActiveCfg = Debug|Any CPU
		{6E49CBCA-CE6E-406F-BA0D-2D2E64691DBF}.Debug|Any CPU.Build.0 = Debug|Any CPU
		{6E49CBCA-CE6E-406F-BA0D-2D2E64691DBF}.Release|Any CPU.ActiveCfg = Release|Any CPU
		{6E49CBCA-CE6E-406F-BA0D-2D2E64691DBF}.Release|Any CPU.Build.0 = Release|Any CPU
		{42815D0B-08D9-4229-9CE8-2E8692BC3914}.Debug|Any CPU.ActiveCfg = Debug|Any CPU
		{42815D0B-08D9-4229-9CE8-2E8692BC3914}.Debug|Any CPU.Build.0 = Debug|Any CPU
		{42815D0B-08D9-4229-9CE8-2E8692BC3914}.Release|Any CPU.ActiveCfg = Release|Any CPU
		{42815D0B-08D9-4229-9CE8-2E8692BC3914}.Release|Any CPU.Build.0 = Release|Any CPU
	EndGlobalSection
	GlobalSection(SolutionProperties) = preSolution
		HideSolutionNode = FALSE
	EndGlobalSection
	GlobalSection(ExtensibilityGlobals) = postSolution
		SolutionGuid = {BAD1ED68-6E65-445C-8E02-C658C4FB65B3}
	EndGlobalSection
EndGlobal
